
Microsoft Visual Studio Solution File, Format Version 12.00
# Visual Studio Version 17
VisualStudioVersion = 17.11.35327.3
MinimumVisualStudioVersion = 10.0.40219.1
Project("{9A19103F-16F7-4668-BE54-9A1E7A4F7556}") = "WolfDen.API", "WolfDen.API.csproj", "{8B434D5F-CCF5-4E43-9A06-6A8B33AB7D61}"
EndProject
Project("{9A19103F-16F7-4668-BE54-9A1E7A4F7556}") = "WolfDen.Application", "..\WolfDen.Application\WolfDen.Application.csproj", "{FBDA7C0F-C9FC-4703-8D84-93FFCD2B1F4A}"
EndProject
Project("{9A19103F-16F7-4668-BE54-9A1E7A4F7556}") = "WolfDen.Domain", "..\WolfDen.Domain\WolfDen.Domain.csproj", "{19AE1095-1186-4F0C-8D4B-7EB010ED2BE7}"
EndProject
Project("{9A19103F-16F7-4668-BE54-9A1E7A4F7556}") = "WolfDen.Infrastructure", "..\WolfDen.Infrastructure\WolfDen.Infrastructure.csproj", "{AD24C2B9-9ABA-46C1-B21F-EDDCC22C311A}"
EndProject
Project("{FAE04EC0-301F-11D3-BF4B-00C04F79EFBC}") = "Test", "..\Test\Test.csproj", "{BF1D2F01-6929-42FA-BF52-3EA50617C601}"
EndProject
Global
	GlobalSection(SolutionConfigurationPlatforms) = preSolution
		Debug|Any CPU = Debug|Any CPU
		Release|Any CPU = Release|Any CPU
	EndGlobalSection
	GlobalSection(ProjectConfigurationPlatforms) = postSolution
		{8B434D5F-CCF5-4E43-9A06-6A8B33AB7D61}.Debug|Any CPU.ActiveCfg = Debug|Any CPU
		{8B434D5F-CCF5-4E43-9A06-6A8B33AB7D61}.Debug|Any CPU.Build.0 = Debug|Any CPU
		{8B434D5F-CCF5-4E43-9A06-6A8B33AB7D61}.Release|Any CPU.ActiveCfg = Release|Any CPU
		{8B434D5F-CCF5-4E43-9A06-6A8B33AB7D61}.Release|Any CPU.Build.0 = Release|Any CPU
		{FBDA7C0F-C9FC-4703-8D84-93FFCD2B1F4A}.Debug|Any CPU.ActiveCfg = Debug|Any CPU
		{FBDA7C0F-C9FC-4703-8D84-93FFCD2B1F4A}.Debug|Any CPU.Build.0 = Debug|Any CPU
		{FBDA7C0F-C9FC-4703-8D84-93FFCD2B1F4A}.Release|Any CPU.ActiveCfg = Release|Any CPU
		{FBDA7C0F-C9FC-4703-8D84-93FFCD2B1F4A}.Release|Any CPU.Build.0 = Release|Any CPU
		{19AE1095-1186-4F0C-8D4B-7EB010ED2BE7}.Debug|Any CPU.ActiveCfg = Debug|Any CPU
		{19AE1095-1186-4F0C-8D4B-7EB010ED2BE7}.Debug|Any CPU.Build.0 = Debug|Any CPU
		{19AE1095-1186-4F0C-8D4B-7EB010ED2BE7}.Release|Any CPU.ActiveCfg = Release|Any CPU
		{19AE1095-1186-4F0C-8D4B-7EB010ED2BE7}.Release|Any CPU.Build.0 = Release|Any CPU
		{AD24C2B9-9ABA-46C1-B21F-EDDCC22C311A}.Debug|Any CPU.ActiveCfg = Debug|Any CPU
		{AD24C2B9-9ABA-46C1-B21F-EDDCC22C311A}.Debug|Any CPU.Build.0 = Debug|Any CPU
		{AD24C2B9-9ABA-46C1-B21F-EDDCC22C311A}.Release|Any CPU.ActiveCfg = Release|Any CPU
		{AD24C2B9-9ABA-46C1-B21F-EDDCC22C311A}.Release|Any CPU.Build.0 = Release|Any CPU
		{BF1D2F01-6929-42FA-BF52-3EA50617C601}.Debug|Any CPU.ActiveCfg = Debug|Any CPU
		{BF1D2F01-6929-42FA-BF52-3EA50617C601}.Debug|Any CPU.Build.0 = Debug|Any CPU
		{BF1D2F01-6929-42FA-BF52-3EA50617C601}.Release|Any CPU.ActiveCfg = Release|Any CPU
		{BF1D2F01-6929-42FA-BF52-3EA50617C601}.Release|Any CPU.Build.0 = Release|Any CPU
	EndGlobalSection
	GlobalSection(SolutionProperties) = preSolution
		HideSolutionNode = FALSE
	EndGlobalSection
	GlobalSection(ExtensibilityGlobals) = postSolution
		SolutionGuid = {EBF37EA5-383B-4BDC-9138-647A6AE3D5A3}
	EndGlobalSection
EndGlobal
